
Microsoft Visual Studio Solution File, Format Version 12.00
# Visual Studio Version 17
VisualStudioVersion = 17.9.34728.123
MinimumVisualStudioVersion = 10.0.40219.1
Project("{FAE04EC0-301F-11D3-BF4B-00C04F79EFBC}") = "k22cntt3pvv2210900085", "k22cntt3pvv2210900085\k22cntt3pvv2210900085.csproj", "{75FE587B-9D6A-4A09-87AB-56F8A1EECB99}"
EndProject
Global
	GlobalSection(SolutionConfigurationPlatforms) = preSolution
		Debug|Any CPU = Debug|Any CPU
		Release|Any CPU = Release|Any CPU
	EndGlobalSection
	GlobalSection(ProjectConfigurationPlatforms) = postSolution
		{75FE587B-9D6A-4A09-87AB-56F8A1EECB99}.Debug|Any CPU.ActiveCfg = Debug|Any CPU
		{75FE587B-9D6A-4A09-87AB-56F8A1EECB99}.Debug|Any CPU.Build.0 = Debug|Any CPU
		{75FE587B-9D6A-4A09-87AB-56F8A1EECB99}.Release|Any CPU.ActiveCfg = Release|Any CPU
		{75FE587B-9D6A-4A09-87AB-56F8A1EECB99}.Release|Any CPU.Build.0 = Release|Any CPU
	EndGlobalSection
	GlobalSection(SolutionProperties) = preSolution
		HideSolutionNode = FALSE
	EndGlobalSection
	GlobalSection(ExtensibilityGlobals) = postSolution
		SolutionGuid = {03D3ED3F-94CD-426D-9574-5992A290E7A4}
	EndGlobalSection
EndGlobal
